
Microsoft Visual Studio Solution File, Format Version 12.00
# Visual Studio 15
VisualStudioVersion = 15.0.27004.2009
MinimumVisualStudioVersion = 10.0.40219.1
Project("{8BC9CEB8-8B4A-11D0-8D11-00A0C91BC942}") = "libTools", "libTools\libTools.vcxproj", "{F58CE054-D2A3-46A2-9416-44A5DD49A1E6}"
EndProject
Project("{2150E333-8FDC-42A3-9474-1A3956D46DE8}") = "Otherlib", "Otherlib", "{B7B8F522-C633-4A69-A634-59BC02D8F8C9}"
EndProject
Project("{2150E333-8FDC-42A3-9474-1A3956D46DE8}") = "Log", "Log", "{7354A768-89A3-48D5-8FBC-D7EC805CCDB1}"
EndProject
Project("{8BC9CEB8-8B4A-11D0-8D11-00A0C91BC942}") = "CharacterLib", "CharacterLib\CharacterLib.vcxproj", "{117113CF-4A35-4D95-99EC-AD004F2842C6}"
EndProject
Project("{8BC9CEB8-8B4A-11D0-8D11-00A0C91BC942}") = "ExceptionLib", "ExceptionLib\ExceptionLib.vcxproj", "{2C709F80-BEC1-491D-A1BB-BFCC53C07C36}"
EndProject
Project("{8BC9CEB8-8B4A-11D0-8D11-00A0C91BC942}") = "AlgroithmLib", "AlgroithmLib\AlgroithmLib.vcxproj", "{395242BC-1F3C-4CDD-AE91-178C18015F7C}"
EndProject
Project("{8BC9CEB8-8B4A-11D0-8D11-00A0C91BC942}") = "DbManagerLib", "DbManagerLib\DbManagerLib.vcxproj", "{43BEEE19-D81C-4E7C-81A7-A465B4A1DFFB}"
EndProject
Project("{8BC9CEB8-8B4A-11D0-8D11-00A0C91BC942}") = "FileLib", "FileLib\FileLib.vcxproj", "{CC5EEC89-A173-4700-9113-6E4BBF1CD892}"
EndProject
Project("{8BC9CEB8-8B4A-11D0-8D11-00A0C91BC942}") = "GdiLib", "GdiLib\GdiLib.vcxproj", "{769F7C00-5889-4172-9AAD-E7DDDEB72870}"
EndProject
Project("{8BC9CEB8-8B4A-11D0-8D11-00A0C91BC942}") = "HookLib", "HookLib\HookLib.vcxproj", "{52EE0ED4-6E15-47F1-BFF8-4D1BD014A196}"
EndProject
Project("{8BC9CEB8-8B4A-11D0-8D11-00A0C91BC942}") = "InjectorLib", "InjectorLib\InjectorLib.vcxproj", "{E99DD2D7-636A-4758-AD51-F5AA07F0E59D}"
EndProject
Project("{8BC9CEB8-8B4A-11D0-8D11-00A0C91BC942}") = "ProcessLib", "ProcessLib\ProcessLib.vcxproj", "{E6532754-0418-4594-8D9A-714328588681}"
EndProject
Project("{2150E333-8FDC-42A3-9474-1A3956D46DE8}") = "Socket", "Socket", "{0CFF3F52-6FAD-452D-9A30-98114C43E675}"
EndProject
Project("{8BC9CEB8-8B4A-11D0-8D11-00A0C91BC942}") = "SocketClientLib", "SocketClientLib\SocketClientLib.vcxproj", "{3033CC1C-E966-4E75-948B-949C586247AB}"
EndProject
Project("{8BC9CEB8-8B4A-11D0-8D11-00A0C91BC942}") = "SocketServerLib", "SocketServerLib\SocketServerLib.vcxproj", "{7D22ADD7-895B-4E51-96B8-117AECEBCE31}"
EndProject
Project("{8BC9CEB8-8B4A-11D0-8D11-00A0C91BC942}") = "TimeLib", "TimeLib\TimeLib.vcxproj", "{B21DF36D-8E56-4476-854A-50122B594AB4}"
EndProject
Project("{8BC9CEB8-8B4A-11D0-8D11-00A0C91BC942}") = "LogClientDLL", "LogClientDLL\LogClientDLL.vcxproj", "{BCCCD971-295D-463D-AD74-BDDA5863E55D}"
EndProject
Project("{FAE04EC0-301F-11D3-BF4B-00C04F79EFBC}") = "LogClientForm", "LogClientForm\LogClientForm.csproj", "{D3F46003-4250-472E-ACA9-C85E28DEC039}"
EndProject
Project("{8BC9CEB8-8B4A-11D0-8D11-00A0C91BC942}") = "LogLib", "LogLib\LogLib.vcxproj", "{1D46443D-724F-45E7-98C2-1D035C563281}"
EndProject
Project("{8BC9CEB8-8B4A-11D0-8D11-00A0C91BC942}") = "SocketCommon", "SocketCommon\SocketCommon.vcxproj", "{FB068992-F3E0-40EE-86BE-51F6F722CE95}"
EndProject
Project("{8BC9CEB8-8B4A-11D0-8D11-00A0C91BC942}") = "MathLib", "MathLib\MathLib.vcxproj", "{2F222C54-BF2A-4181-A1B0-FFA361F91E89}"
EndProject
Project("{8BC9CEB8-8B4A-11D0-8D11-00A0C91BC942}") = "DiskLib", "DiskLib\DiskLib.vcxproj", "{ACD6AE29-0CE6-41C9-B6EC-47330CA8D7D0}"
EndProject
Project("{8BC9CEB8-8B4A-11D0-8D11-00A0C91BC942}") = "SystemEnvLib", "SystemEnvLib\SystemEnvLib.vcxproj", "{C176E813-5CB4-4915-93BC-6A37BE20885D}"
EndProject
Global
	GlobalSection(SolutionConfigurationPlatforms) = preSolution
		Debug|Any CPU = Debug|Any CPU
		Debug|x64 = Debug|x64
		Debug|x86 = Debug|x86
		Release|Any CPU = Release|Any CPU
		Release|x64 = Release|x64
		Release|x86 = Release|x86
	EndGlobalSection
	GlobalSection(ProjectConfigurationPlatforms) = postSolution
		{F58CE054-D2A3-46A2-9416-44A5DD49A1E6}.Debug|Any CPU.ActiveCfg = Debug|Win32
		{F58CE054-D2A3-46A2-9416-44A5DD49A1E6}.Debug|x64.ActiveCfg = Debug|x64
		{F58CE054-D2A3-46A2-9416-44A5DD49A1E6}.Debug|x64.Build.0 = Debug|x64
		{F58CE054-D2A3-46A2-9416-44A5DD49A1E6}.Debug|x86.ActiveCfg = Debug|Win32
		{F58CE054-D2A3-46A2-9416-44A5DD49A1E6}.Debug|x86.Build.0 = Debug|Win32
		{F58CE054-D2A3-46A2-9416-44A5DD49A1E6}.Release|Any CPU.ActiveCfg = Release|Win32
		{F58CE054-D2A3-46A2-9416-44A5DD49A1E6}.Release|x64.ActiveCfg = Release|x64
		{F58CE054-D2A3-46A2-9416-44A5DD49A1E6}.Release|x64.Build.0 = Release|x64
		{F58CE054-D2A3-46A2-9416-44A5DD49A1E6}.Release|x86.ActiveCfg = Release|Win32
		{F58CE054-D2A3-46A2-9416-44A5DD49A1E6}.Release|x86.Build.0 = Release|Win32
		{117113CF-4A35-4D95-99EC-AD004F2842C6}.Debug|Any CPU.ActiveCfg = Debug|Win32
		{117113CF-4A35-4D95-99EC-AD004F2842C6}.Debug|x64.ActiveCfg = Debug|x64
		{117113CF-4A35-4D95-99EC-AD004F2842C6}.Debug|x64.Build.0 = Debug|x64
		{117113CF-4A35-4D95-99EC-AD004F2842C6}.Debug|x86.ActiveCfg = Debug|Win32
		{117113CF-4A35-4D95-99EC-AD004F2842C6}.Debug|x86.Build.0 = Debug|Win32
		{117113CF-4A35-4D95-99EC-AD004F2842C6}.Release|Any CPU.ActiveCfg = Release|Win32
		{117113CF-4A35-4D95-99EC-AD004F2842C6}.Release|x64.ActiveCfg = Release|x64
		{117113CF-4A35-4D95-99EC-AD004F2842C6}.Release|x64.Build.0 = Release|x64
		{117113CF-4A35-4D95-99EC-AD004F2842C6}.Release|x86.ActiveCfg = Release|Win32
		{117113CF-4A35-4D95-99EC-AD004F2842C6}.Release|x86.Build.0 = Release|Win32
		{2C709F80-BEC1-491D-A1BB-BFCC53C07C36}.Debug|Any CPU.ActiveCfg = Debug|Win32
		{2C709F80-BEC1-491D-A1BB-BFCC53C07C36}.Debug|x64.ActiveCfg = Debug|x64
		{2C709F80-BEC1-491D-A1BB-BFCC53C07C36}.Debug|x64.Build.0 = Debug|x64
		{2C709F80-BEC1-491D-A1BB-BFCC53C07C36}.Debug|x86.ActiveCfg = Debug|Win32
		{2C709F80-BEC1-491D-A1BB-BFCC53C07C36}.Debug|x86.Build.0 = Debug|Win32
		{2C709F80-BEC1-491D-A1BB-BFCC53C07C36}.Release|Any CPU.ActiveCfg = Release|Win32
		{2C709F80-BEC1-491D-A1BB-BFCC53C07C36}.Release|x64.ActiveCfg = Release|x64
		{2C709F80-BEC1-491D-A1BB-BFCC53C07C36}.Release|x64.Build.0 = Release|x64
		{2C709F80-BEC1-491D-A1BB-BFCC53C07C36}.Release|x86.ActiveCfg = Release|Win32
		{2C709F80-BEC1-491D-A1BB-BFCC53C07C36}.Release|x86.Build.0 = Release|Win32
		{395242BC-1F3C-4CDD-AE91-178C18015F7C}.Debug|Any CPU.ActiveCfg = Debug|Win32
		{395242BC-1F3C-4CDD-AE91-178C18015F7C}.Debug|x64.ActiveCfg = Debug|x64
		{395242BC-1F3C-4CDD-AE91-178C18015F7C}.Debug|x64.Build.0 = Debug|x64
		{395242BC-1F3C-4CDD-AE91-178C18015F7C}.Debug|x86.ActiveCfg = Debug|Win32
		{395242BC-1F3C-4CDD-AE91-178C18015F7C}.Debug|x86.Build.0 = Debug|Win32
		{395242BC-1F3C-4CDD-AE91-178C18015F7C}.Release|Any CPU.ActiveCfg = Release|Win32
		{395242BC-1F3C-4CDD-AE91-178C18015F7C}.Release|x64.ActiveCfg = Release|x64
		{395242BC-1F3C-4CDD-AE91-178C18015F7C}.Release|x64.Build.0 = Release|x64
		{395242BC-1F3C-4CDD-AE91-178C18015F7C}.Release|x86.ActiveCfg = Release|Win32
		{395242BC-1F3C-4CDD-AE91-178C18015F7C}.Release|x86.Build.0 = Release|Win32
		{43BEEE19-D81C-4E7C-81A7-A465B4A1DFFB}.Debug|Any CPU.ActiveCfg = Debug|Win32
		{43BEEE19-D81C-4E7C-81A7-A465B4A1DFFB}.Debug|x64.ActiveCfg = Debug|x64
		{43BEEE19-D81C-4E7C-81A7-A465B4A1DFFB}.Debug|x64.Build.0 = Debug|x64
		{43BEEE19-D81C-4E7C-81A7-A465B4A1DFFB}.Debug|x86.ActiveCfg = Debug|Win32
		{43BEEE19-D81C-4E7C-81A7-A465B4A1DFFB}.Debug|x86.Build.0 = Debug|Win32
		{43BEEE19-D81C-4E7C-81A7-A465B4A1DFFB}.Release|Any CPU.ActiveCfg = Release|Win32
		{43BEEE19-D81C-4E7C-81A7-A465B4A1DFFB}.Release|x64.ActiveCfg = Release|x64
		{43BEEE19-D81C-4E7C-81A7-A465B4A1DFFB}.Release|x64.Build.0 = Release|x64
		{43BEEE19-D81C-4E7C-81A7-A465B4A1DFFB}.Release|x86.ActiveCfg = Release|Win32
		{43BEEE19-D81C-4E7C-81A7-A465B4A1DFFB}.Release|x86.Build.0 = Release|Win32
		{CC5EEC89-A173-4700-9113-6E4BBF1CD892}.Debug|Any CPU.ActiveCfg = Debug|Win32
		{CC5EEC89-A173-4700-9113-6E4BBF1CD892}.Debug|x64.ActiveCfg = Debug|x64
		{CC5EEC89-A173-4700-9113-6E4BBF1CD892}.Debug|x64.Build.0 = Debug|x64
		{CC5EEC89-A173-4700-9113-6E4BBF1CD892}.Debug|x86.ActiveCfg = Debug|Win32
		{CC5EEC89-A173-4700-9113-6E4BBF1CD892}.Debug|x86.Build.0 = Debug|Win32
		{CC5EEC89-A173-4700-9113-6E4BBF1CD892}.Release|Any CPU.ActiveCfg = Release|Win32
		{CC5EEC89-A173-4700-9113-6E4BBF1CD892}.Release|x64.ActiveCfg = Release|x64
		{CC5EEC89-A173-4700-9113-6E4BBF1CD892}.Release|x64.Build.0 = Release|x64
		{CC5EEC89-A173-4700-9113-6E4BBF1CD892}.Release|x86.ActiveCfg = Release|Win32
		{CC5EEC89-A173-4700-9113-6E4BBF1CD892}.Release|x86.Build.0 = Release|Win32
		{769F7C00-5889-4172-9AAD-E7DDDEB72870}.Debug|Any CPU.ActiveCfg = Debug|Win32
		{769F7C00-5889-4172-9AAD-E7DDDEB72870}.Debug|x64.ActiveCfg = Debug|x64
		{769F7C00-5889-4172-9AAD-E7DDDEB72870}.Debug|x64.Build.0 = Debug|x64
		{769F7C00-5889-4172-9AAD-E7DDDEB72870}.Debug|x86.ActiveCfg = Debug|Win32
		{769F7C00-5889-4172-9AAD-E7DDDEB72870}.Debug|x86.Build.0 = Debug|Win32
		{769F7C00-5889-4172-9AAD-E7DDDEB72870}.Release|Any CPU.ActiveCfg = Release|Win32
		{769F7C00-5889-4172-9AAD-E7DDDEB72870}.Release|x64.ActiveCfg = Release|x64
		{769F7C00-5889-4172-9AAD-E7DDDEB72870}.Release|x64.Build.0 = Release|x64
		{769F7C00-5889-4172-9AAD-E7DDDEB72870}.Release|x86.ActiveCfg = Release|Win32
		{769F7C00-5889-4172-9AAD-E7DDDEB72870}.Release|x86.Build.0 = Release|Win32
		{52EE0ED4-6E15-47F1-BFF8-4D1BD014A196}.Debug|Any CPU.ActiveCfg = Debug|Win32
		{52EE0ED4-6E15-47F1-BFF8-4D1BD014A196}.Debug|x64.ActiveCfg = Debug|x64
		{52EE0ED4-6E15-47F1-BFF8-4D1BD014A196}.Debug|x64.Build.0 = Debug|x64
		{52EE0ED4-6E15-47F1-BFF8-4D1BD014A196}.Debug|x86.ActiveCfg = Debug|Win32
		{52EE0ED4-6E15-47F1-BFF8-4D1BD014A196}.Debug|x86.Build.0 = Debug|Win32
		{52EE0ED4-6E15-47F1-BFF8-4D1BD014A196}.Release|Any CPU.ActiveCfg = Release|Win32
		{52EE0ED4-6E15-47F1-BFF8-4D1BD014A196}.Release|x64.ActiveCfg = Release|x64
		{52EE0ED4-6E15-47F1-BFF8-4D1BD014A196}.Release|x64.Build.0 = Release|x64
		{52EE0ED4-6E15-47F1-BFF8-4D1BD014A196}.Release|x86.ActiveCfg = Release|Win32
		{52EE0ED4-6E15-47F1-BFF8-4D1BD014A196}.Release|x86.Build.0 = Release|Win32
		{E99DD2D7-636A-4758-AD51-F5AA07F0E59D}.Debug|Any CPU.ActiveCfg = Debug|Win32
		{E99DD2D7-636A-4758-AD51-F5AA07F0E59D}.Debug|x64.ActiveCfg = Debug|x64
		{E99DD2D7-636A-4758-AD51-F5AA07F0E59D}.Debug|x64.Build.0 = Debug|x64
		{E99DD2D7-636A-4758-AD51-F5AA07F0E59D}.Debug|x86.ActiveCfg = Debug|Win32
		{E99DD2D7-636A-4758-AD51-F5AA07F0E59D}.Debug|x86.Build.0 = Debug|Win32
		{E99DD2D7-636A-4758-AD51-F5AA07F0E59D}.Release|Any CPU.ActiveCfg = Release|Win32
		{E99DD2D7-636A-4758-AD51-F5AA07F0E59D}.Release|x64.ActiveCfg = Release|x64
		{E99DD2D7-636A-4758-AD51-F5AA07F0E59D}.Release|x64.Build.0 = Release|x64
		{E99DD2D7-636A-4758-AD51-F5AA07F0E59D}.Release|x86.ActiveCfg = Release|Win32
		{E99DD2D7-636A-4758-AD51-F5AA07F0E59D}.Release|x86.Build.0 = Release|Win32
		{E6532754-0418-4594-8D9A-714328588681}.Debug|Any CPU.ActiveCfg = Debug|Win32
		{E6532754-0418-4594-8D9A-714328588681}.Debug|x64.ActiveCfg = Debug|x64
		{E6532754-0418-4594-8D9A-714328588681}.Debug|x64.Build.0 = Debug|x64
		{E6532754-0418-4594-8D9A-714328588681}.Debug|x86.ActiveCfg = Debug|Win32
		{E6532754-0418-4594-8D9A-714328588681}.Debug|x86.Build.0 = Debug|Win32
		{E6532754-0418-4594-8D9A-714328588681}.Release|Any CPU.ActiveCfg = Release|Win32
		{E6532754-0418-4594-8D9A-714328588681}.Release|x64.ActiveCfg = Release|x64
		{E6532754-0418-4594-8D9A-714328588681}.Release|x64.Build.0 = Release|x64
		{E6532754-0418-4594-8D9A-714328588681}.Release|x86.ActiveCfg = Release|Win32
		{E6532754-0418-4594-8D9A-714328588681}.Release|x86.Build.0 = Release|Win32
		{3033CC1C-E966-4E75-948B-949C586247AB}.Debug|Any CPU.ActiveCfg = Debug|Win32
		{3033CC1C-E966-4E75-948B-949C586247AB}.Debug|x64.ActiveCfg = Debug|x64
		{3033CC1C-E966-4E75-948B-949C586247AB}.Debug|x64.Build.0 = Debug|x64
		{3033CC1C-E966-4E75-948B-949C586247AB}.Debug|x86.ActiveCfg = Debug|Win32
		{3033CC1C-E966-4E75-948B-949C586247AB}.Debug|x86.Build.0 = Debug|Win32
		{3033CC1C-E966-4E75-948B-949C586247AB}.Release|Any CPU.ActiveCfg = Release|Win32
		{3033CC1C-E966-4E75-948B-949C586247AB}.Release|x64.ActiveCfg = Release|x64
		{3033CC1C-E966-4E75-948B-949C586247AB}.Release|x64.Build.0 = Release|x64
		{3033CC1C-E966-4E75-948B-949C586247AB}.Release|x86.ActiveCfg = Release|Win32
		{3033CC1C-E966-4E75-948B-949C586247AB}.Release|x86.Build.0 = Release|Win32
		{7D22ADD7-895B-4E51-96B8-117AECEBCE31}.Debug|Any CPU.ActiveCfg = Debug|Win32
		{7D22ADD7-895B-4E51-96B8-117AECEBCE31}.Debug|x64.ActiveCfg = Debug|x64
		{7D22ADD7-895B-4E51-96B8-117AECEBCE31}.Debug|x64.Build.0 = Debug|x64
		{7D22ADD7-895B-4E51-96B8-117AECEBCE31}.Debug|x86.ActiveCfg = Debug|Win32
		{7D22ADD7-895B-4E51-96B8-117AECEBCE31}.Debug|x86.Build.0 = Debug|Win32
		{7D22ADD7-895B-4E51-96B8-117AECEBCE31}.Release|Any CPU.ActiveCfg = Release|Win32
		{7D22ADD7-895B-4E51-96B8-117AECEBCE31}.Release|x64.ActiveCfg = Release|x64
		{7D22ADD7-895B-4E51-96B8-117AECEBCE31}.Release|x64.Build.0 = Release|x64
		{7D22ADD7-895B-4E51-96B8-117AECEBCE31}.Release|x86.ActiveCfg = Release|Win32
		{7D22ADD7-895B-4E51-96B8-117AECEBCE31}.Release|x86.Build.0 = Release|Win32
		{B21DF36D-8E56-4476-854A-50122B594AB4}.Debug|Any CPU.ActiveCfg = Debug|Win32
		{B21DF36D-8E56-4476-854A-50122B594AB4}.Debug|x64.ActiveCfg = Debug|x64
		{B21DF36D-8E56-4476-854A-50122B594AB4}.Debug|x64.Build.0 = Debug|x64
		{B21DF36D-8E56-4476-854A-50122B594AB4}.Debug|x86.ActiveCfg = Debug|Win32
		{B21DF36D-8E56-4476-854A-50122B594AB4}.Debug|x86.Build.0 = Debug|Win32
		{B21DF36D-8E56-4476-854A-50122B594AB4}.Release|Any CPU.ActiveCfg = Release|Win32
		{B21DF36D-8E56-4476-854A-50122B594AB4}.Release|x64.ActiveCfg = Release|x64
		{B21DF36D-8E56-4476-854A-50122B594AB4}.Release|x64.Build.0 = Release|x64
		{B21DF36D-8E56-4476-854A-50122B594AB4}.Release|x86.ActiveCfg = Release|Win32
		{B21DF36D-8E56-4476-854A-50122B594AB4}.Release|x86.Build.0 = Release|Win32
		{BCCCD971-295D-463D-AD74-BDDA5863E55D}.Debug|Any CPU.ActiveCfg = Debug|Win32
		{BCCCD971-295D-463D-AD74-BDDA5863E55D}.Debug|x64.ActiveCfg = Debug|x64
		{BCCCD971-295D-463D-AD74-BDDA5863E55D}.Debug|x64.Build.0 = Debug|x64
		{BCCCD971-295D-463D-AD74-BDDA5863E55D}.Debug|x86.ActiveCfg = Debug|Win32
		{BCCCD971-295D-463D-AD74-BDDA5863E55D}.Debug|x86.Build.0 = Debug|Win32
		{BCCCD971-295D-463D-AD74-BDDA5863E55D}.Release|Any CPU.ActiveCfg = Release|Win32
		{BCCCD971-295D-463D-AD74-BDDA5863E55D}.Release|x64.ActiveCfg = Release|x64
		{BCCCD971-295D-463D-AD74-BDDA5863E55D}.Release|x64.Build.0 = Release|x64
		{BCCCD971-295D-463D-AD74-BDDA5863E55D}.Release|x86.ActiveCfg = Release|Win32
		{BCCCD971-295D-463D-AD74-BDDA5863E55D}.Release|x86.Build.0 = Release|Win32
		{D3F46003-4250-472E-ACA9-C85E28DEC039}.Debug|Any CPU.ActiveCfg = Debug|Any CPU
		{D3F46003-4250-472E-ACA9-C85E28DEC039}.Debug|Any CPU.Build.0 = Debug|Any CPU
		{D3F46003-4250-472E-ACA9-C85E28DEC039}.Debug|x64.ActiveCfg = Debug|Any CPU
		{D3F46003-4250-472E-ACA9-C85E28DEC039}.Debug|x64.Build.0 = Debug|Any CPU
		{D3F46003-4250-472E-ACA9-C85E28DEC039}.Debug|x86.ActiveCfg = Debug|Any CPU
		{D3F46003-4250-472E-ACA9-C85E28DEC039}.Debug|x86.Build.0 = Debug|Any CPU
		{D3F46003-4250-472E-ACA9-C85E28DEC039}.Release|Any CPU.ActiveCfg = Release|Any CPU
		{D3F46003-4250-472E-ACA9-C85E28DEC039}.Release|Any CPU.Build.0 = Release|Any CPU
		{D3F46003-4250-472E-ACA9-C85E28DEC039}.Release|x64.ActiveCfg = Release|Any CPU
		{D3F46003-4250-472E-ACA9-C85E28DEC039}.Release|x64.Build.0 = Release|Any CPU
		{D3F46003-4250-472E-ACA9-C85E28DEC039}.Release|x86.ActiveCfg = Release|Any CPU
		{D3F46003-4250-472E-ACA9-C85E28DEC039}.Release|x86.Build.0 = Release|Any CPU
		{1D46443D-724F-45E7-98C2-1D035C563281}.Debug|Any CPU.ActiveCfg = Debug|Win32
		{1D46443D-724F-45E7-98C2-1D035C563281}.Debug|x64.ActiveCfg = Debug|x64
		{1D46443D-724F-45E7-98C2-1D035C563281}.Debug|x64.Build.0 = Debug|x64
		{1D46443D-724F-45E7-98C2-1D035C563281}.Debug|x86.ActiveCfg = Debug|Win32
		{1D46443D-724F-45E7-98C2-1D035C563281}.Debug|x86.Build.0 = Debug|Win32
		{1D46443D-724F-45E7-98C2-1D035C563281}.Release|Any CPU.ActiveCfg = Release|Win32
		{1D46443D-724F-45E7-98C2-1D035C563281}.Release|x64.ActiveCfg = Release|x64
		{1D46443D-724F-45E7-98C2-1D035C563281}.Release|x64.Build.0 = Release|x64
		{1D46443D-724F-45E7-98C2-1D035C563281}.Release|x86.ActiveCfg = Release|Win32
		{1D46443D-724F-45E7-98C2-1D035C563281}.Release|x86.Build.0 = Release|Win32
		{FB068992-F3E0-40EE-86BE-51F6F722CE95}.Debug|Any CPU.ActiveCfg = Debug|Win32
		{FB068992-F3E0-40EE-86BE-51F6F722CE95}.Debug|x64.ActiveCfg = Debug|x64
		{FB068992-F3E0-40EE-86BE-51F6F722CE95}.Debug|x64.Build.0 = Debug|x64
		{FB068992-F3E0-40EE-86BE-51F6F722CE95}.Debug|x86.ActiveCfg = Debug|Win32
		{FB068992-F3E0-40EE-86BE-51F6F722CE95}.Debug|x86.Build.0 = Debug|Win32
		{FB068992-F3E0-40EE-86BE-51F6F722CE95}.Release|Any CPU.ActiveCfg = Release|Win32
		{FB068992-F3E0-40EE-86BE-51F6F722CE95}.Release|x64.ActiveCfg = Release|x64
		{FB068992-F3E0-40EE-86BE-51F6F722CE95}.Release|x64.Build.0 = Release|x64
		{FB068992-F3E0-40EE-86BE-51F6F722CE95}.Release|x86.ActiveCfg = Release|Win32
		{FB068992-F3E0-40EE-86BE-51F6F722CE95}.Release|x86.Build.0 = Release|Win32
		{2F222C54-BF2A-4181-A1B0-FFA361F91E89}.Debug|Any CPU.ActiveCfg = Debug|Win32
		{2F222C54-BF2A-4181-A1B0-FFA361F91E89}.Debug|x64.ActiveCfg = Debug|x64
		{2F222C54-BF2A-4181-A1B0-FFA361F91E89}.Debug|x64.Build.0 = Debug|x64
		{2F222C54-BF2A-4181-A1B0-FFA361F91E89}.Debug|x86.ActiveCfg = Debug|Win32
		{2F222C54-BF2A-4181-A1B0-FFA361F91E89}.Debug|x86.Build.0 = Debug|Win32
		{2F222C54-BF2A-4181-A1B0-FFA361F91E89}.Release|Any CPU.ActiveCfg = Release|Win32
		{2F222C54-BF2A-4181-A1B0-FFA361F91E89}.Release|x64.ActiveCfg = Release|x64
		{2F222C54-BF2A-4181-A1B0-FFA361F91E89}.Release|x64.Build.0 = Release|x64
		{2F222C54-BF2A-4181-A1B0-FFA361F91E89}.Release|x86.ActiveCfg = Release|Win32
		{2F222C54-BF2A-4181-A1B0-FFA361F91E89}.Release|x86.Build.0 = Release|Win32
		{ACD6AE29-0CE6-41C9-B6EC-47330CA8D7D0}.Debug|Any CPU.ActiveCfg = Debug|Win32
		{ACD6AE29-0CE6-41C9-B6EC-47330CA8D7D0}.Debug|x64.ActiveCfg = Debug|x64
		{ACD6AE29-0CE6-41C9-B6EC-47330CA8D7D0}.Debug|x64.Build.0 = Debug|x64
		{ACD6AE29-0CE6-41C9-B6EC-47330CA8D7D0}.Debug|x86.ActiveCfg = Debug|Win32
		{ACD6AE29-0CE6-41C9-B6EC-47330CA8D7D0}.Debug|x86.Build.0 = Debug|Win32
		{ACD6AE29-0CE6-41C9-B6EC-47330CA8D7D0}.Release|Any CPU.ActiveCfg = Release|Win32
		{ACD6AE29-0CE6-41C9-B6EC-47330CA8D7D0}.Release|x64.ActiveCfg = Release|x64
		{ACD6AE29-0CE6-41C9-B6EC-47330CA8D7D0}.Release|x64.Build.0 = Release|x64
		{ACD6AE29-0CE6-41C9-B6EC-47330CA8D7D0}.Release|x86.ActiveCfg = Release|Win32
		{ACD6AE29-0CE6-41C9-B6EC-47330CA8D7D0}.Release|x86.Build.0 = Release|Win32
		{C176E813-5CB4-4915-93BC-6A37BE20885D}.Debug|Any CPU.ActiveCfg = Debug|Win32
		{C176E813-5CB4-4915-93BC-6A37BE20885D}.Debug|x64.ActiveCfg = Debug|x64
		{C176E813-5CB4-4915-93BC-6A37BE20885D}.Debug|x64.Build.0 = Debug|x64
		{C176E813-5CB4-4915-93BC-6A37BE20885D}.Debug|x86.ActiveCfg = Debug|Win32
		{C176E813-5CB4-4915-93BC-6A37BE20885D}.Debug|x86.Build.0 = Debug|Win32
		{C176E813-5CB4-4915-93BC-6A37BE20885D}.Release|Any CPU.ActiveCfg = Release|Win32
		{C176E813-5CB4-4915-93BC-6A37BE20885D}.Release|x64.ActiveCfg = Release|x64
		{C176E813-5CB4-4915-93BC-6A37BE20885D}.Release|x64.Build.0 = Release|x64
		{C176E813-5CB4-4915-93BC-6A37BE20885D}.Release|x86.ActiveCfg = Release|Win32
		{C176E813-5CB4-4915-93BC-6A37BE20885D}.Release|x86.Build.0 = Release|Win32
	EndGlobalSection
	GlobalSection(SolutionProperties) = preSolution
		HideSolutionNode = FALSE
	EndGlobalSection
	GlobalSection(NestedProjects) = preSolution
		{117113CF-4A35-4D95-99EC-AD004F2842C6} = {B7B8F522-C633-4A69-A634-59BC02D8F8C9}
		{2C709F80-BEC1-491D-A1BB-BFCC53C07C36} = {B7B8F522-C633-4A69-A634-59BC02D8F8C9}
		{395242BC-1F3C-4CDD-AE91-178C18015F7C} = {B7B8F522-C633-4A69-A634-59BC02D8F8C9}
		{43BEEE19-D81C-4E7C-81A7-A465B4A1DFFB} = {B7B8F522-C633-4A69-A634-59BC02D8F8C9}
		{CC5EEC89-A173-4700-9113-6E4BBF1CD892} = {B7B8F522-C633-4A69-A634-59BC02D8F8C9}
		{769F7C00-5889-4172-9AAD-E7DDDEB72870} = {B7B8F522-C633-4A69-A634-59BC02D8F8C9}
		{52EE0ED4-6E15-47F1-BFF8-4D1BD014A196} = {B7B8F522-C633-4A69-A634-59BC02D8F8C9}
		{E99DD2D7-636A-4758-AD51-F5AA07F0E59D} = {B7B8F522-C633-4A69-A634-59BC02D8F8C9}
		{E6532754-0418-4594-8D9A-714328588681} = {B7B8F522-C633-4A69-A634-59BC02D8F8C9}
		{3033CC1C-E966-4E75-948B-949C586247AB} = {0CFF3F52-6FAD-452D-9A30-98114C43E675}
		{7D22ADD7-895B-4E51-96B8-117AECEBCE31} = {0CFF3F52-6FAD-452D-9A30-98114C43E675}
		{B21DF36D-8E56-4476-854A-50122B594AB4} = {B7B8F522-C633-4A69-A634-59BC02D8F8C9}
		{BCCCD971-295D-463D-AD74-BDDA5863E55D} = {7354A768-89A3-48D5-8FBC-D7EC805CCDB1}
		{D3F46003-4250-472E-ACA9-C85E28DEC039} = {7354A768-89A3-48D5-8FBC-D7EC805CCDB1}
		{1D46443D-724F-45E7-98C2-1D035C563281} = {7354A768-89A3-48D5-8FBC-D7EC805CCDB1}
		{FB068992-F3E0-40EE-86BE-51F6F722CE95} = {0CFF3F52-6FAD-452D-9A30-98114C43E675}
		{2F222C54-BF2A-4181-A1B0-FFA361F91E89} = {B7B8F522-C633-4A69-A634-59BC02D8F8C9}
		{ACD6AE29-0CE6-41C9-B6EC-47330CA8D7D0} = {B7B8F522-C633-4A69-A634-59BC02D8F8C9}
		{C176E813-5CB4-4915-93BC-6A37BE20885D} = {B7B8F522-C633-4A69-A634-59BC02D8F8C9}
	EndGlobalSection
	GlobalSection(ExtensibilityGlobals) = postSolution
		SolutionGuid = {992EF78B-8FFD-44E4-9728-885D1C97FD50}
	EndGlobalSection
EndGlobal
